
Microsoft Visual Studio Solution File, Format Version 12.00
# Visual Studio Version 17
VisualStudioVersion = 17.3.32929.385
MinimumVisualStudioVersion = 10.0.40219.1
Project("{9A19103F-16F7-4668-BE54-9A1E7A4F7556}") = "DiscordBot", "DiscordBot\DiscordBot.csproj", "{72849067-5BF6-4659-B024-2C121D0432EB}"
EndProject
Project("{2150E333-8FDC-42A3-9474-1A3956D46DE8}") = "Src", "Src", "{6BDDC1C3-080C-4C5B-8516-F5E2B026A212}"
EndProject
Project("{2150E333-8FDC-42A3-9474-1A3956D46DE8}") = "Presentation", "Presentation", "{EAFF96BD-A4C8-4395-A671-C3F660F344D7}"
EndProject
Project("{9A19103F-16F7-4668-BE54-9A1E7A4F7556}") = "BotAPI.WebApi", "BotAPI\Src\Presentation\BotAPI.WebApi\BotAPI.WebApi.csproj", "{73F9AAB5-ED3F-450E-B290-56772427D361}"
EndProject
Project("{2150E333-8FDC-42A3-9474-1A3956D46DE8}") = "Core", "Core", "{AE5730F3-9CE4-4E10-BC25-3610F122A578}"
EndProject
Project("{9A19103F-16F7-4668-BE54-9A1E7A4F7556}") = "BotAPI.Application", "BotAPI\Src\Core\BotAPI.Application\BotAPI.Application.csproj", "{031E36BA-FA31-4517-A6DB-18DA674D8898}"
EndProject
Project("{9A19103F-16F7-4668-BE54-9A1E7A4F7556}") = "BotAPI.Domain", "BotAPI\Src\Core\BotAPI.Domain\BotAPI.Domain.csproj", "{6E1AF443-5A0A-4A80-B20C-D484638B53E7}"
EndProject
Project("{2150E333-8FDC-42A3-9474-1A3956D46DE8}") = "Infrastructure", "Infrastructure", "{50A9C38A-2CB2-46C0-B170-D2E227D801FE}"
EndProject
Project("{9A19103F-16F7-4668-BE54-9A1E7A4F7556}") = "BotAPI.Infrastructure.FileManager", "BotAPI\Src\Infrastructure\BotAPI.Infrastructure.FileManager\BotAPI.Infrastructure.FileManager.csproj", "{CDC9B57B-994D-4FFF-BBBB-F294DE979BE7}"
EndProject
Project("{9A19103F-16F7-4668-BE54-9A1E7A4F7556}") = "BotAPI.Infrastructure.Identity", "BotAPI\Src\Infrastructure\BotAPI.Infrastructure.Identity\BotAPI.Infrastructure.Identity.csproj", "{DDC95472-D30B-4573-8950-46B7C035A4A7}"
EndProject
Project("{9A19103F-16F7-4668-BE54-9A1E7A4F7556}") = "BotAPI.Infrastructure.AI", "BotAPI\Src\Infrastructure\BotAPI.Infrastructure.AI\BotAPI.Infrastructure.AI.csproj", "{09FFFE39-EA0F-453F-8ED6-EB75A32BCE50}"
EndProject
Project("{9A19103F-16F7-4668-BE54-9A1E7A4F7556}") = "BotAPI.Infrastructure.FileReader", "BotAPI\Src\Infrastructure\BotAPI.Infrastructure.FileReader\BotAPI.Infrastructure.FileReader.csproj", "{316489E7-E472-410F-9523-1804736C8871}"
EndProject
Project("{FAE04EC0-301F-11D3-BF4B-00C04F79EFBC}") = "BotAPI.Infrastructure.Resources", "BotAPI\Src\Infrastructure\BotAPI.Infrastructure.Resources\BotAPI.Infrastructure.Resources.csproj", "{15C709ED-7E67-4FD4-8BDC-C6E98F542D95}"
EndProject
Global
	GlobalSection(SolutionConfigurationPlatforms) = preSolution
		Debug|Any CPU = Debug|Any CPU
		Release|Any CPU = Release|Any CPU
	EndGlobalSection
	GlobalSection(ProjectConfigurationPlatforms) = postSolution
		{72849067-5BF6-4659-B024-2C121D0432EB}.Debug|Any CPU.ActiveCfg = Debug|Any CPU
		{72849067-5BF6-4659-B024-2C121D0432EB}.Debug|Any CPU.Build.0 = Debug|Any CPU
		{72849067-5BF6-4659-B024-2C121D0432EB}.Release|Any CPU.ActiveCfg = Release|Any CPU
		{72849067-5BF6-4659-B024-2C121D0432EB}.Release|Any CPU.Build.0 = Release|Any CPU
		{73F9AAB5-ED3F-450E-B290-56772427D361}.Debug|Any CPU.ActiveCfg = Debug|Any CPU
		{73F9AAB5-ED3F-450E-B290-56772427D361}.Debug|Any CPU.Build.0 = Debug|Any CPU
		{73F9AAB5-ED3F-450E-B290-56772427D361}.Release|Any CPU.ActiveCfg = Release|Any CPU
		{73F9AAB5-ED3F-450E-B290-56772427D361}.Release|Any CPU.Build.0 = Release|Any CPU
		{031E36BA-FA31-4517-A6DB-18DA674D8898}.Debug|Any CPU.ActiveCfg = Debug|Any CPU
		{031E36BA-FA31-4517-A6DB-18DA674D8898}.Debug|Any CPU.Build.0 = Debug|Any CPU
		{031E36BA-FA31-4517-A6DB-18DA674D8898}.Release|Any CPU.ActiveCfg = Release|Any CPU
		{031E36BA-FA31-4517-A6DB-18DA674D8898}.Release|Any CPU.Build.0 = Release|Any CPU
		{6E1AF443-5A0A-4A80-B20C-D484638B53E7}.Debug|Any CPU.ActiveCfg = Debug|Any CPU
		{6E1AF443-5A0A-4A80-B20C-D484638B53E7}.Debug|Any CPU.Build.0 = Debug|Any CPU
		{6E1AF443-5A0A-4A80-B20C-D484638B53E7}.Release|Any CPU.ActiveCfg = Release|Any CPU
		{6E1AF443-5A0A-4A80-B20C-D484638B53E7}.Release|Any CPU.Build.0 = Release|Any CPU
		{CDC9B57B-994D-4FFF-BBBB-F294DE979BE7}.Debug|Any CPU.ActiveCfg = Debug|Any CPU
		{CDC9B57B-994D-4FFF-BBBB-F294DE979BE7}.Debug|Any CPU.Build.0 = Debug|Any CPU
		{CDC9B57B-994D-4FFF-BBBB-F294DE979BE7}.Release|Any CPU.ActiveCfg = Release|Any CPU
		{CDC9B57B-994D-4FFF-BBBB-F294DE979BE7}.Release|Any CPU.Build.0 = Release|Any CPU
		{DDC95472-D30B-4573-8950-46B7C035A4A7}.Debug|Any CPU.ActiveCfg = Debug|Any CPU
		{DDC95472-D30B-4573-8950-46B7C035A4A7}.Debug|Any CPU.Build.0 = Debug|Any CPU
		{DDC95472-D30B-4573-8950-46B7C035A4A7}.Release|Any CPU.ActiveCfg = Release|Any CPU
		{DDC95472-D30B-4573-8950-46B7C035A4A7}.Release|Any CPU.Build.0 = Release|Any CPU
		{09FFFE39-EA0F-453F-8ED6-EB75A32BCE50}.Debug|Any CPU.ActiveCfg = Debug|Any CPU
		{09FFFE39-EA0F-453F-8ED6-EB75A32BCE50}.Debug|Any CPU.Build.0 = Debug|Any CPU
		{09FFFE39-EA0F-453F-8ED6-EB75A32BCE50}.Release|Any CPU.ActiveCfg = Release|Any CPU
		{09FFFE39-EA0F-453F-8ED6-EB75A32BCE50}.Release|Any CPU.Build.0 = Release|Any CPU
		{316489E7-E472-410F-9523-1804736C8871}.Debug|Any CPU.ActiveCfg = Debug|Any CPU
		{316489E7-E472-410F-9523-1804736C8871}.Debug|Any CPU.Build.0 = Debug|Any CPU
		{316489E7-E472-410F-9523-1804736C8871}.Release|Any CPU.ActiveCfg = Release|Any CPU
		{316489E7-E472-410F-9523-1804736C8871}.Release|Any CPU.Build.0 = Release|Any CPU
		{15C709ED-7E67-4FD4-8BDC-C6E98F542D95}.Debug|Any CPU.ActiveCfg = Debug|Any CPU
		{15C709ED-7E67-4FD4-8BDC-C6E98F542D95}.Debug|Any CPU.Build.0 = Debug|Any CPU
		{15C709ED-7E67-4FD4-8BDC-C6E98F542D95}.Release|Any CPU.ActiveCfg = Release|Any CPU
		{15C709ED-7E67-4FD4-8BDC-C6E98F542D95}.Release|Any CPU.Build.0 = Release|Any CPU
	EndGlobalSection
	GlobalSection(SolutionProperties) = preSolution
		HideSolutionNode = FALSE
	EndGlobalSection
	GlobalSection(NestedProjects) = preSolution
		{EAFF96BD-A4C8-4395-A671-C3F660F344D7} = {6BDDC1C3-080C-4C5B-8516-F5E2B026A212}
		{73F9AAB5-ED3F-450E-B290-56772427D361} = {EAFF96BD-A4C8-4395-A671-C3F660F344D7}
		{AE5730F3-9CE4-4E10-BC25-3610F122A578} = {6BDDC1C3-080C-4C5B-8516-F5E2B026A212}
		{031E36BA-FA31-4517-A6DB-18DA674D8898} = {AE5730F3-9CE4-4E10-BC25-3610F122A578}
		{6E1AF443-5A0A-4A80-B20C-D484638B53E7} = {AE5730F3-9CE4-4E10-BC25-3610F122A578}
		{50A9C38A-2CB2-46C0-B170-D2E227D801FE} = {6BDDC1C3-080C-4C5B-8516-F5E2B026A212}
		{CDC9B57B-994D-4FFF-BBBB-F294DE979BE7} = {50A9C38A-2CB2-46C0-B170-D2E227D801FE}
		{DDC95472-D30B-4573-8950-46B7C035A4A7} = {50A9C38A-2CB2-46C0-B170-D2E227D801FE}
		{09FFFE39-EA0F-453F-8ED6-EB75A32BCE50} = {50A9C38A-2CB2-46C0-B170-D2E227D801FE}
		{316489E7-E472-410F-9523-1804736C8871} = {50A9C38A-2CB2-46C0-B170-D2E227D801FE}
		{15C709ED-7E67-4FD4-8BDC-C6E98F542D95} = {50A9C38A-2CB2-46C0-B170-D2E227D801FE}
	EndGlobalSection
	GlobalSection(ExtensibilityGlobals) = postSolution
		SolutionGuid = {E70A8302-F68F-4F87-BF5B-C52473259DF6}
	EndGlobalSection
EndGlobal
